
Microsoft Visual Studio Solution File, Format Version 12.00
# Visual Studio 2017
Project("{FAE04EC0-301F-11D3-BF4B-00C04F79EFBC}") = "Unity_TankExample.Plugins", "Unity_TankExample.Plugins.csproj", "{6B9D527A-C574-5FF9-D262-23E9F17FE6E6}"
EndProject
Project("{FAE04EC0-301F-11D3-BF4B-00C04F79EFBC}") = "Unity_TankExample", "Unity_TankExample.csproj", "{6CFA901F-640F-D5B1-18AC-190FD40425B7}"
EndProject
Global
	GlobalSection(SolutionConfigurationPlatforms) = preSolution
		Debug|Any CPU = Debug|Any CPU
		Release|Any CPU = Release|Any CPU
	EndGlobalSection
	GlobalSection(ProjectConfigurationPlatforms) = postSolution
		{6B9D527A-C574-5FF9-D262-23E9F17FE6E6}.Debug|Any CPU.ActiveCfg = Debug|Any CPU
		{6B9D527A-C574-5FF9-D262-23E9F17FE6E6}.Debug|Any CPU.Build.0 = Debug|Any CPU
		{6B9D527A-C574-5FF9-D262-23E9F17FE6E6}.Release|Any CPU.ActiveCfg = Release|Any CPU
		{6B9D527A-C574-5FF9-D262-23E9F17FE6E6}.Release|Any CPU.Build.0 = Release|Any CPU
		{6CFA901F-640F-D5B1-18AC-190FD40425B7}.Debug|Any CPU.ActiveCfg = Debug|Any CPU
		{6CFA901F-640F-D5B1-18AC-190FD40425B7}.Debug|Any CPU.Build.0 = Debug|Any CPU
		{6CFA901F-640F-D5B1-18AC-190FD40425B7}.Release|Any CPU.ActiveCfg = Release|Any CPU
		{6CFA901F-640F-D5B1-18AC-190FD40425B7}.Release|Any CPU.Build.0 = Release|Any CPU
	EndGlobalSection
	GlobalSection(SolutionProperties) = preSolution
		HideSolutionNode = FALSE
	EndGlobalSection
EndGlobal
